
Microsoft Visual Studio Solution File, Format Version 12.00
# Visual Studio Version 17
VisualStudioVersion = 17.11.35327.3
MinimumVisualStudioVersion = 10.0.40219.1
Project("{9A19103F-16F7-4668-BE54-9A1E7A4F7556}") = "MemeFinder", "MemeFinder.csproj", "{94D116D1-AE74-42C2-80B4-33A07034BC40}"
EndProject
Project("{9A19103F-16F7-4668-BE54-9A1E7A4F7556}") = "MemeOracleUI", "MemeOracleUI\MemeOracleUI.csproj", "{96B95E74-B0EF-400F-9980-F42060960951}"
EndProject
Global
	GlobalSection(SolutionConfigurationPlatforms) = preSolution
		Debug|Any CPU = Debug|Any CPU
		Release|Any CPU = Release|Any CPU
	EndGlobalSection
	GlobalSection(ProjectConfigurationPlatforms) = postSolution
		{94D116D1-AE74-42C2-80B4-33A07034BC40}.Debug|Any CPU.ActiveCfg = Debug|Any CPU
		{94D116D1-AE74-42C2-80B4-33A07034BC40}.Debug|Any CPU.Build.0 = Debug|Any CPU
		{94D116D1-AE74-42C2-80B4-33A07034BC40}.Release|Any CPU.ActiveCfg = Release|Any CPU
		{94D116D1-AE74-42C2-80B4-33A07034BC40}.Release|Any CPU.Build.0 = Release|Any CPU
		{96B95E74-B0EF-400F-9980-F42060960951}.Debug|Any CPU.ActiveCfg = Debug|Any CPU
		{96B95E74-B0EF-400F-9980-F42060960951}.Debug|Any CPU.Build.0 = Debug|Any CPU
		{96B95E74-B0EF-400F-9980-F42060960951}.Debug|Any CPU.Deploy.0 = Debug|Any CPU
		{96B95E74-B0EF-400F-9980-F42060960951}.Release|Any CPU.ActiveCfg = Release|Any CPU
		{96B95E74-B0EF-400F-9980-F42060960951}.Release|Any CPU.Build.0 = Release|Any CPU
		{96B95E74-B0EF-400F-9980-F42060960951}.Release|Any CPU.Deploy.0 = Release|Any CPU
	EndGlobalSection
	GlobalSection(SolutionProperties) = preSolution
		HideSolutionNode = FALSE
	EndGlobalSection
	GlobalSection(ExtensibilityGlobals) = postSolution
		SolutionGuid = {3073C146-486E-405D-8C31-96F59E58E884}
	EndGlobalSection
EndGlobal
